schema: '2.0'
stages:
  extract_dataset:
    cmd: python .\src\data\extract_dataset.py
    deps:
    - path: .\data\raw\zipped
      hash: md5
      md5: 2ac9e57fc0bc2d2a1a610a695529d479.dir
      size: 87295035
      nfiles: 2
    - path: .\src\data\extract_dataset.py
      hash: md5
      md5: b0471292bcbcb0dc5a74fbef4532019d
      size: 1169
    outs:
    - path: .\data\raw\extracted
      hash: md5
      md5: 07dcb976ec534725901d50758a399273.dir
      size: 271383386
      nfiles: 2
  make_dataset:
    cmd: python .\src\data\make_dataset.py train.csv
    deps:
    - path: .\data\raw\extracted\train.csv
      hash: md5
      md5: e59c291a4b1c640f1dab33b89daa22e1
      size: 200589097
    - path: .\src\data\make_dataset.py
      hash: md5
      md5: 076eeb3118349a7d21a88a87f8d221d1
      size: 3282
    params:
      params.yaml:
        make_dataset.random_state: 30
        make_dataset.test_size: 0.2
    outs:
    - path: .\data\interim
      hash: md5
      md5: a366f7220347515a71e07aa8789073f8.dir
      size: 197004804
      nfiles: 2
  modify_features:
    cmd: python .\src\features\modify_features.py data/interim/train.csv data/interim/val.csv
      data/raw/extracted/test.csv
    deps:
    - path: .\data\interim\train.csv
      hash: md5
      md5: 1570e6269ed217b159360fa63473b3b0
      size: 157603932
    - path: .\data\interim\val.csv
      hash: md5
      md5: 57db6523a932cdff5adf04a9f9bcd62a
      size: 39400872
    - path: .\data\raw\extracted\test.csv
      hash: md5
      md5: 0686e4fc98617485dba9fdbabbf1c48d
      size: 70794289
    - path: .\src\features\modify_features.py
      hash: md5
      md5: 84f8d8d707802d63909b0755a8a305fa
      size: 6053
    outs:
    - path: .\data\processed\transformations
      hash: md5
      md5: e6da585c2ba21a24e1dc9a8371bba30a.dir
      size: 208192931
      nfiles: 3
